// !$*UTF8*$!
{
	archiveVersion = 1;
	classes = {
	};
	objectVersion = 56;
	objects = {

/* Begin PBXBuildFile section */
		AB52B79F29684086006DDD3E /* AppDelegate.swift in Sources */ = {isa = PBXBuildFile; fileRef = AB52B79E29684086006DDD3E /* AppDelegate.swift */; };
		AB52B7A129684086006DDD3E /* SceneDelegate.swift in Sources */ = {isa = PBXBuildFile; fileRef = AB52B7A029684086006DDD3E /* SceneDelegate.swift */; };
		AB52B7A329684086006DDD3E /* ViewController.swift in Sources */ = {isa = PBXBuildFile; fileRef = AB52B7A229684086006DDD3E /* ViewController.swift */; };
		AB52B7A629684086006DDD3E /* Main.storyboard in Resources */ = {isa = PBXBuildFile; fileRef = AB52B7A429684086006DDD3E /* Main.storyboard */; };
		AB52B7A829684086006DDD3E /* Assets.xcassets in Resources */ = {isa = PBXBuildFile; fileRef = AB52B7A729684086006DDD3E /* Assets.xcassets */; };
		AB52B7AB29684086006DDD3E /* LaunchScreen.storyboard in Resources */ = {isa = PBXBuildFile; fileRef = AB52B7A929684086006DDD3E /* LaunchScreen.storyboard */; };
		AB52B7B629684086006DDD3E /* WarCardGameTests.swift in Sources */ = {isa = PBXBuildFile; fileRef = AB52B7B529684086006DDD3E /* WarCardGameTests.swift */; };
		AB52B7C029684086006DDD3E /* WarCardGameUITests.swift in Sources */ = {isa = PBXBuildFile; fileRef = AB52B7BF29684086006DDD3E /* WarCardGameUITests.swift */; };
		AB52B7C229684086006DDD3E /* WarCardGameUITestsLaunchTests.swift in Sources */ = {isa = PBXBuildFile; fileRef = AB52B7C129684086006DDD3E /* WarCardGameUITestsLaunchTests.swift */; };
/* End PBXBuildFile section */

/* Begin PBXContainerItemProxy section */
		AB52B7B229684086006DDD3E /* PBXContainerItemProxy */ = {
			isa = PBXContainerItemProxy;
			containerPortal = AB52B79329684086006DDD3E /* Project object */;
			proxyType = 1;
			remoteGlobalIDString = AB52B79A29684086006DDD3E;
			remoteInfo = WarCardGame;
		};
		AB52B7BC29684086006DDD3E /* PBXContainerItemProxy */ = {
			isa = PBXContainerItemProxy;
			containerPortal = AB52B79329684086006DDD3E /* Project object */;
			proxyType = 1;
			remoteGlobalIDString = AB52B79A29684086006DDD3E;
			remoteInfo = WarCardGame;
		};
/* End PBXContainerItemProxy section */

/* Begin PBXFileReference section */
		AB52B79B29684086006DDD3E /* WarCardGame.app */ = {isa = PBXFileReference; explicitFileType = wrapper.application; includeInIndex = 0; path = WarCardGame.app; sourceTree = BUILT_PRODUCTS_DIR; };
		AB52B79E29684086006DDD3E /* AppDelegate.swift */ = {isa = PBXFileReference; lastKnownFileType = sourcecode.swift; path = AppDelegate.swift; sourceTree = "<group>"; };
		AB52B7A029684086006DDD3E /* SceneDelegate.swift */ = {isa = PBXFileReference; lastKnownFileType = sourcecode.swift; path = SceneDelegate.swift; sourceTree = "<group>"; };
		AB52B7A229684086006DDD3E /* ViewController.swift */ = {isa = PBXFileReference; lastKnownFileType = sourcecode.swift; path = ViewController.swift; sourceTree = "<group>"; };
		AB52B7A529684086006DDD3E /* Base */ = {isa = PBXFileReference; lastKnownFileType = file.storyboard; name = Base; path = Base.lproj/Main.storyboard; sourceTree = "<group>"; };
		AB52B7A729684086006DDD3E /* Assets.xcassets */ = {isa = PBXFileReference; lastKnownFileType = folder.assetcatalog; path = Assets.xcassets; sourceTree = "<group>"; };
		AB52B7AA29684086006DDD3E /* Base */ = {isa = PBXFileReference; lastKnownFileType = file.storyboard; name = Base; path = Base.lproj/LaunchScreen.storyboard; sourceTree = "<group>"; };
		AB52B7AC29684086006DDD3E /* Info.plist */ = {isa = PBXFileReference; lastKnownFileType = text.plist.xml; path = Info.plist; sourceTree = "<group>"; };
		AB52B7B129684086006DDD3E /* WarCardGameTests.xctest */ = {isa = PBXFileReference; explicitFileType = wrapper.cfbundle; includeInIndex = 0; path = WarCardGameTests.xctest; sourceTree = BUILT_PRODUCTS_DIR; };
		AB52B7B529684086006DDD3E /* WarCardGameTests.swift */ = {isa = PBXFileReference; lastKnownFileType = sourcecode.swift; path = WarCardGameTests.swift; sourceTree = "<group>"; };
		AB52B7BB29684086006DDD3E /* WarCardGameUITests.xctest */ = {isa = PBXFileReference; explicitFileType = wrapper.cfbundle; includeInIndex = 0; path = WarCardGameUITests.xctest; sourceTree = BUILT_PRODUCTS_DIR; };
		AB52B7BF29684086006DDD3E /* WarCardGameUITests.swift */ = {isa = PBXFileReference; lastKnownFileType = sourcecode.swift; path = WarCardGameUITests.swift; sourceTree = "<group>"; };
		AB52B7C129684086006DDD3E /* WarCardGameUITestsLaunchTests.swift */ = {isa = PBXFileReference; lastKnownFileType = sourcecode.swift; path = WarCardGameUITestsLaunchTests.swift; sourceTree = "<group>"; };
/* End PBXFileReference section */

/* Begin PBXFrameworksBuildPhase section */
		AB52B79829684086006DDD3E /* Frameworks */ = {
			isa = PBXFrameworksBuildPhase;
			buildActionMask = 2147483647;
			files = (
			);
			runOnlyForDeploymentPostprocessing = 0;
		};
		AB52B7AE29684086006DDD3E /* Frameworks */ = {
			isa = PBXFrameworksBuildPhase;
			buildActionMask = 2147483647;
			files = (
			);
			runOnlyForDeploymentPostprocessing = 0;
		};
		AB52B7B829684086006DDD3E /* Frameworks */ = {
			isa = PBXFrameworksBuildPhase;
			buildActionMask = 2147483647;
			files = (
			);
			runOnlyForDeploymentPostprocessing = 0;
		};
/* End PBXFrameworksBuildPhase section */

/* Begin PBXGroup section */
		AB52B79229684086006DDD3E = {
			isa = PBXGroup;
			children = (
				AB52B79D29684086006DDD3E /* WarCardGame */,
				AB52B7B429684086006DDD3E /* WarCardGameTests */,
				AB52B7BE29684086006DDD3E /* WarCardGameUITests */,
				AB52B79C29684086006DDD3E /* Products */,
			);
			sourceTree = "<group>";
		};
		AB52B79C29684086006DDD3E /* Products */ = {
			isa = PBXGroup;
			children = (
				AB52B79B29684086006DDD3E /* WarCardGame.app */,
				AB52B7B129684086006DDD3E /* WarCardGameTests.xctest */,
				AB52B7BB29684086006DDD3E /* WarCardGameUITests.xctest */,
			);
			name = Products;
			sourceTree = "<group>";
		};
		AB52B79D29684086006DDD3E /* WarCardGame */ = {
			isa = PBXGroup;
			children = (
				AB52B79E29684086006DDD3E /* AppDelegate.swift */,
				AB52B7A029684086006DDD3E /* SceneDelegate.swift */,
				AB52B7A229684086006DDD3E /* ViewController.swift */,
				AB52B7A429684086006DDD3E /* Main.storyboard */,
				AB52B7A729684086006DDD3E /* Assets.xcassets */,
				AB52B7A929684086006DDD3E /* LaunchScreen.storyboard */,
				AB52B7AC29684086006DDD3E /* Info.plist */,
			);
			path = WarCardGame;
			sourceTree = "<group>";
		};
		AB52B7B429684086006DDD3E /* WarCardGameTests */ = {
			isa = PBXGroup;
			children = (
				AB52B7B529684086006DDD3E /* WarCardGameTests.swift */,
			);
			path = WarCardGameTests;
			sourceTree = "<group>";
		};
		AB52B7BE29684086006DDD3E /* WarCardGameUITests */ = {
			isa = PBXGroup;
			children = (
				AB52B7BF29684086006DDD3E /* WarCardGameUITests.swift */,
				AB52B7C129684086006DDD3E /* WarCardGameUITestsLaunchTests.swift */,
			);
			path = WarCardGameUITests;
			sourceTree = "<group>";
		};
/* End PBXGroup section */

/* Begin PBXNativeTarget section */
		AB52B79A29684086006DDD3E /* WarCardGame */ = {
			isa = PBXNativeTarget;
			buildConfigurationList = AB52B7C529684086006DDD3E /* Build configuration list for PBXNativeTarget "WarCardGame" */;
			buildPhases = (
				AB52B79729684086006DDD3E /* Sources */,
				AB52B79829684086006DDD3E /* Frameworks */,
				AB52B79929684086006DDD3E /* Resources */,
			);
			buildRules = (
			);
			dependencies = (
			);
			name = WarCardGame;
			productName = WarCardGame;
			productReference = AB52B79B29684086006DDD3E /* WarCardGame.app */;
			productType = "com.apple.product-type.application";
		};
		AB52B7B029684086006DDD3E /* WarCardGameTests */ = {
			isa = PBXNativeTarget;
			buildConfigurationList = AB52B7C829684086006DDD3E /* Build configuration list for PBXNativeTarget "WarCardGameTests" */;
			buildPhases = (
				AB52B7AD29684086006DDD3E /* Sources */,
				AB52B7AE29684086006DDD3E /* Frameworks */,
				AB52B7AF29684086006DDD3E /* Resources */,
			);
			buildRules = (
			);
			dependencies = (
				AB52B7B329684086006DDD3E /* PBXTargetDependency */,
			);
			name = WarCardGameTests;
			productName = WarCardGameTests;
			productReference = AB52B7B129684086006DDD3E /* WarCardGameTests.xctest */;
			productType = "com.apple.product-type.bundle.unit-test";
		};
		AB52B7BA29684086006DDD3E /* WarCardGameUITests */ = {
			isa = PBXNativeTarget;
			buildConfigurationList = AB52B7CB29684086006DDD3E /* Build configuration list for PBXNativeTarget "WarCardGameUITests" */;
			buildPhases = (
				AB52B7B729684086006DDD3E /* Sources */,
				AB52B7B829684086006DDD3E /* Frameworks */,
				AB52B7B929684086006DDD3E /* Resources */,
			);
			buildRules = (
			);
			dependencies = (
				AB52B7BD29684086006DDD3E /* PBXTargetDependency */,
			);
			name = WarCardGameUITests;
			productName = WarCardGameUITests;
			productReference = AB52B7BB29684086006DDD3E /* WarCardGameUITests.xctest */;
			productType = "com.apple.product-type.bundle.ui-testing";
		};
/* End PBXNativeTarget section */

/* Begin PBXProject section */
		AB52B79329684086006DDD3E /* Project object */ = {
			isa = PBXProject;
			attributes = {
				BuildIndependentTargetsInParallel = 1;
				LastSwiftUpdateCheck = 1420;
				LastUpgradeCheck = 1420;
				TargetAttributes = {
					AB52B79A29684086006DDD3E = {
						CreatedOnToolsVersion = 14.2;
					};
					AB52B7B029684086006DDD3E = {
						CreatedOnToolsVersion = 14.2;
						TestTargetID = AB52B79A29684086006DDD3E;
					};
					AB52B7BA29684086006DDD3E = {
						CreatedOnToolsVersion = 14.2;
						TestTargetID = AB52B79A29684086006DDD3E;
					};
				};
			};
			buildConfigurationList = AB52B79629684086006DDD3E /* Build configuration list for PBXProject "WarCardGame" */;
			compatibilityVersion = "Xcode 14.0";
			developmentRegion = en;
			hasScannedForEncodings = 0;
			knownRegions = (
				en,
				Base,
			);
			mainGroup = AB52B79229684086006DDD3E;
			productRefGroup = AB52B79C29684086006DDD3E /* Products */;
			projectDirPath = "";
			projectRoot = "";
			targets = (
				AB52B79A29684086006DDD3E /* WarCardGame */,
				AB52B7B029684086006DDD3E /* WarCardGameTests */,
				AB52B7BA29684086006DDD3E /* WarCardGameUITests */,
			);
		};
/* End PBXProject section */

/* Begin PBXResourcesBuildPhase section */
		AB52B79929684086006DDD3E /* Resources */ = {
			isa = PBXResourcesBuildPhase;
			buildActionMask = 2147483647;
			files = (
				AB52B7AB29684086006DDD3E /* LaunchScreen.storyboard in Resources */,
				AB52B7A829684086006DDD3E /* Assets.xcassets in Resources */,
				AB52B7A629684086006DDD3E /* Main.storyboard in Resources */,
			);
			runOnlyForDeploymentPostprocessing = 0;
		};
		AB52B7AF29684086006DDD3E /* Resources */ = {
			isa = PBXResourcesBuildPhase;
			buildActionMask = 2147483647;
			files = (
			);
			runOnlyForDeploymentPostprocessing = 0;
		};
		AB52B7B929684086006DDD3E /* Resources */ = {
			isa = PBXResourcesBuildPhase;
			buildActionMask = 2147483647;
			files = (
			);
			runOnlyForDeploymentPostprocessing = 0;
		};
/* End PBXResourcesBuildPhase section */

/* Begin PBXSourcesBuildPhase section */
		AB52B79729684086006DDD3E /* Sources */ = {
			isa = PBXSourcesBuildPhase;
			buildActionMask = 2147483647;
			files = (
				AB52B7A329684086006DDD3E /* ViewController.swift in Sources */,
				AB52B79F29684086006DDD3E /* AppDelegate.swift in Sources */,
				AB52B7A129684086006DDD3E /* SceneDelegate.swift in Sources */,
			);
			runOnlyForDeploymentPostprocessing = 0;
		};
		AB52B7AD29684086006DDD3E /* Sources */ = {
			isa = PBXSourcesBuildPhase;
			buildActionMask = 2147483647;
			files = (
				AB52B7B629684086006DDD3E /* WarCardGameTests.swift in Sources */,
			);
			runOnlyForDeploymentPostprocessing = 0;
		};
		AB52B7B729684086006DDD3E /* Sources */ = {
			isa = PBXSourcesBuildPhase;
			buildActionMask = 2147483647;
			files = (
				AB52B7C029684086006DDD3E /* WarCardGameUITests.swift in Sources */,
				AB52B7C229684086006DDD3E /* WarCardGameUITestsLaunchTests.swift in Sources */,
			);
			runOnlyForDeploymentPostprocessing = 0;
		};
/* End PBXSourcesBuildPhase section */

/* Begin PBXTargetDependency section */
		AB52B7B329684086006DDD3E /* PBXTargetDependency */ = {
			isa = PBXTargetDependency;
			target = AB52B79A29684086006DDD3E /* WarCardGame */;
			targetProxy = AB52B7B229684086006DDD3E /* PBXContainerItemProxy */;
		};
		AB52B7BD29684086006DDD3E /* PBXTargetDependency */ = {
			isa = PBXTargetDependency;
			target = AB52B79A29684086006DDD3E /* WarCardGame */;
			targetProxy = AB52B7BC29684086006DDD3E /* PBXContainerItemProxy */;
		};
/* End PBXTargetDependency section */

/* Begin PBXVariantGroup section */
		AB52B7A429684086006DDD3E /* Main.storyboard */ = {
			isa = PBXVariantGroup;
			children = (
				AB52B7A529684086006DDD3E /* Base */,
			);
			name = Main.storyboard;
			sourceTree = "<group>";
		};
		AB52B7A929684086006DDD3E /* LaunchScreen.storyboard */ = {
			isa = PBXVariantGroup;
			children = (
				AB52B7AA29684086006DDD3E /* Base */,
			);
			name = LaunchScreen.storyboard;
			sourceTree = "<group>";
		};
/* End PBXVariantGroup section */

/* Begin XCBuildConfiguration section */
		AB52B7C329684086006DDD3E /* Debug */ = {
			isa = XCBuildConfiguration;
			buildSettings = {
				ALWAYS_SEARCH_USER_PATHS = NO;
				CLANG_ANALYZER_NONNULL = YES;
				CLANG_ANALYZER_NUMBER_OBJECT_CONVERSION = YES_AGGRESSIVE;
				CLANG_CXX_LANGUAGE_STANDARD = "gnu++20";
				CLANG_ENABLE_MODULES = YES;
				CLANG_ENABLE_OBJC_ARC = YES;
				CLANG_ENABLE_OBJC_WEAK = YES;
				CLANG_WARN_BLOCK_CAPTURE_AUTORELEASING = YES;
				CLANG_WARN_BOOL_CONVERSION = YES;
				CLANG_WARN_COMMA = YES;
				CLANG_WARN_CONSTANT_CONVERSION = YES;
				CLANG_WARN_DEPRECATED_OBJC_IMPLEMENTATIONS = YES;
				CLANG_WARN_DIRECT_OBJC_ISA_USAGE = YES_ERROR;
				CLANG_WARN_DOCUMENTATION_COMMENTS = YES;
				CLANG_WARN_EMPTY_BODY = YES;
				CLANG_WARN_ENUM_CONVERSION = YES;
				CLANG_WARN_INFINITE_RECURSION = YES;
				CLANG_WARN_INT_CONVERSION = YES;
				CLANG_WARN_NON_LITERAL_NULL_CONVERSION = YES;
				CLANG_WARN_OBJC_IMPLICIT_RETAIN_SELF = YES;
				CLANG_WARN_OBJC_LITERAL_CONVERSION = YES;
				CLANG_WARN_OBJC_ROOT_CLASS = YES_ERROR;
				CLANG_WARN_QUOTED_INCLUDE_IN_FRAMEWORK_HEADER = YES;
				CLANG_WARN_RANGE_LOOP_ANALYSIS = YES;
				CLANG_WARN_STRICT_PROTOTYPES = YES;
				CLANG_WARN_SUSPICIOUS_MOVE = YES;
				CLANG_WARN_UNGUARDED_AVAILABILITY = YES_AGGRESSIVE;
				CLANG_WARN_UNREACHABLE_CODE = YES;
				CLANG_WARN__DUPLICATE_METHOD_MATCH = YES;
				COPY_PHASE_STRIP = NO;
				DEBUG_INFORMATION_FORMAT = dwarf;
				ENABLE_STRICT_OBJC_MSGSEND = YES;
				ENABLE_TESTABILITY = YES;
				GCC_C_LANGUAGE_STANDARD = gnu11;
				GCC_DYNAMIC_NO_PIC = NO;
				GCC_NO_COMMON_BLOCKS = YES;
				GCC_OPTIMIZATION_LEVEL = 0;
				GCC_PREPROCESSOR_DEFINITIONS = (
					"DEBUG=1",
					"$(inherited)",
				);
				GCC_WARN_64_TO_32_BIT_CONVERSION = YES;
				GCC_WARN_ABOUT_RETURN_TYPE = YES_ERROR;
				GCC_WARN_UNDECLARED_SELECTOR = YES;
				GCC_WARN_UNINITIALIZED_AUTOS = YES_AGGRESSIVE;
				GCC_WARN_UNUSED_FUNCTION = YES;
				GCC_WARN_UNUSED_VARIABLE = YES;
				IPHONEOS_DEPLOYMENT_TARGET = 16.2;
				MTL_ENABLE_DEBUG_INFO = INCLUDE_SOURCE;
				MTL_FAST_MATH = YES;
				ONLY_ACTIVE_ARCH = YES;
				SDKROOT = iphoneos;
				SWIFT_ACTIVE_COMPILATION_CONDITIONS = DEBUG;
				SWIFT_OPTIMIZATION_LEVEL = "-Onone";
			};
			name = Debug;
		};
		AB52B7C429684086006DDD3E /* Release */ = {
			isa = XCBuildConfiguration;
			buildSettings = {
				ALWAYS_SEARCH_USER_PATHS = NO;
				CLANG_ANALYZER_NONNULL = YES;
				CLANG_ANALYZER_NUMBER_OBJECT_CONVERSION = YES_AGGRESSIVE;
				CLANG_CXX_LANGUAGE_STANDARD = "gnu++20";
				CLANG_ENABLE_MODULES = YES;
				CLANG_ENABLE_OBJC_ARC = YES;
				CLANG_ENABLE_OBJC_WEAK = YES;
				CLANG_WARN_BLOCK_CAPTURE_AUTORELEASING = YES;
				CLANG_WARN_BOOL_CONVERSION = YES;
				CLANG_WARN_COMMA = YES;
				CLANG_WARN_CONSTANT_CONVERSION = YES;
				CLANG_WARN_DEPRECATED_OBJC_IMPLEMENTATIONS = YES;
				CLANG_WARN_DIRECT_OBJC_ISA_USAGE = YES_ERROR;
				CLANG_WARN_DOCUMENTATION_COMMENTS = YES;
				CLANG_WARN_EMPTY_BODY = YES;
				CLANG_WARN_ENUM_CONVERSION = YES;
				CLANG_WARN_INFINITE_RECURSION = YES;
				CLANG_WARN_INT_CONVERSION = YES;
				CLANG_WARN_NON_LITERAL_NULL_CONVERSION = YES;
				CLANG_WARN_OBJC_IMPLICIT_RETAIN_SELF = YES;
				CLANG_WARN_OBJC_LITERAL_CONVERSION = YES;
				CLANG_WARN_OBJC_ROOT_CLASS = YES_ERROR;
				CLANG_WARN_QUOTED_INCLUDE_IN_FRAMEWORK_HEADER = YES;
				CLANG_WARN_RANGE_LOOP_ANALYSIS = YES;
				CLANG_WARN_STRICT_PROTOTYPES = YES;
				CLANG_WARN_SUSPICIOUS_MOVE = YES;
				CLANG_WARN_UNGUARDED_AVAILABILITY = YES_AGGRESSIVE;
				CLANG_WARN_UNREACHABLE_CODE = YES;
				CLANG_WARN__DUPLICATE_METHOD_MATCH = YES;
				COPY_PHASE_STRIP = NO;
				DEBUG_INFORMATION_FORMAT = "dwarf-with-dsym";
				ENABLE_NS_ASSERTIONS = NO;
				ENABLE_STRICT_OBJC_MSGSEND = YES;
				GCC_C_LANGUAGE_STANDARD = gnu11;
				GCC_NO_COMMON_BLOCKS = YES;
				GCC_WARN_64_TO_32_BIT_CONVERSION = YES;
				GCC_WARN_ABOUT_RETURN_TYPE = YES_ERROR;
				GCC_WARN_UNDECLARED_SELECTOR = YES;
				GCC_WARN_UNINITIALIZED_AUTOS = YES_AGGRESSIVE;
				GCC_WARN_UNUSED_FUNCTION = YES;
				GCC_WARN_UNUSED_VARIABLE = YES;
				IPHONEOS_DEPLOYMENT_TARGET = 16.2;
				MTL_ENABLE_DEBUG_INFO = NO;
				MTL_FAST_MATH = YES;
				SDKROOT = iphoneos;
				SWIFT_COMPILATION_MODE = wholemodule;
				SWIFT_OPTIMIZATION_LEVEL = "-O";
				VALIDATE_PRODUCT = YES;
			};
			name = Release;
		};
		AB52B7C629684086006DDD3E /* Debug */ = {
			isa = XCBuildConfiguration;
			buildSettings = {
				ASSETCATALOG_COMPILER_APPICON_NAME = AppIcon;
				ASSETCATALOG_COMPILER_GLOBAL_ACCENT_COLOR_NAME = AccentColor;
				CODE_SIGN_STYLE = Automatic;
				CURRENT_PROJECT_VERSION = 1;
				DEVELOPMENT_TEAM = PQ66K967C7;
				GENERATE_INFOPLIST_FILE = YES;
				INFOPLIST_FILE = WarCardGame/Info.plist;
				INFOPLIST_KEY_UIApplicationSupportsIndirectInputEvents = YES;
				INFOPLIST_KEY_UILaunchStoryboardName = LaunchScreen;
				INFOPLIST_KEY_UIMainStoryboardFile = Main;
				INFOPLIST_KEY_UISupportedInterfaceOrientations_iPad = "UIInterfaceOrientationPortrait UIInterfaceOrientationPortraitUpsideDown UIInterfaceOrientationLandscapeLeft UIInterfaceOrientationLandscapeRight";
				INFOPLIST_KEY_UISupportedInterfaceOrientations_iPhone = "UIInterfaceOrientationPortrait UIInterfaceOrientationLandscapeLeft UIInterfaceOrientationLandscapeRight";
				LD_RUNPATH_SEARCH_PATHS = (
					"$(inherited)",
					"@executable_path/Frameworks",
				);
				MARKETING_VERSION = 1.0;
				PRODUCT_BUNDLE_IDENTIFIER = in.edu.srmist.WarCardGame;
				PRODUCT_NAME = "$(TARGET_NAME)";
				SWIFT_EMIT_LOC_STRINGS = YES;
				SWIFT_VERSION = 5.0;
				TARGETED_DEVICE_FAMILY = "1,2";
			};
			name = Debug;
		};
		AB52B7C729684086006DDD3E /* Release */ = {
			isa = XCBuildConfiguration;
			buildSettings = {
				ASSETCATALOG_COMPILER_APPICON_NAME = AppIcon;
				ASSETCATALOG_COMPILER_GLOBAL_ACCENT_COLOR_NAME = AccentColor;
				CODE_SIGN_STYLE = Automatic;
				CURRENT_PROJECT_VERSION = 1;
				DEVELOPMENT_TEAM = PQ66K967C7;
				GENERATE_INFOPLIST_FILE = YES;
				INFOPLIST_FILE = WarCardGame/Info.plist;
				INFOPLIST_KEY_UIApplicationSupportsIndirectInputEvents = YES;
				INFOPLIST_KEY_UILaunchStoryboardName = LaunchScreen;
				INFOPLIST_KEY_UIMainStoryboardFile = Main;
				INFOPLIST_KEY_UISupportedInterfaceOrientations_iPad = "UIInterfaceOrientationPortrait UIInterfaceOrientationPortraitUpsideDown UIInterfaceOrientationLandscapeLeft UIInterfaceOrientationLandscapeRight";
				INFOPLIST_KEY_UISupportedInterfaceOrientations_iPhone = "UIInterfaceOrientationPortrait UIInterfaceOrientationLandscapeLeft UIInterfaceOrientationLandscapeRight";
				LD_RUNPATH_SEARCH_PATHS = (
					"$(inherited)",
					"@executable_path/Frameworks",
				);
				MARKETING_VERSION = 1.0;
				PRODUCT_BUNDLE_IDENTIFIER = in.edu.srmist.WarCardGame;
				PRODUCT_NAME = "$(TARGET_NAME)";
				SWIFT_EMIT_LOC_STRINGS = YES;
				SWIFT_VERSION = 5.0;
				TARGETED_DEVICE_FAMILY = "1,2";
			};
			name = Release;
		};
		AB52B7C929684086006DDD3E /* Debug */ = {
			isa = XCBuildConfiguration;
			buildSettings = {
				ALWAYS_EMBED_SWIFT_STANDARD_LIBRARIES = YES;
				BUNDLE_LOADER = "$(TEST_HOST)";
				CODE_SIGN_STYLE = Automatic;
				CURRENT_PROJECT_VERSION = 1;
				DEVELOPMENT_TEAM = PQ66K967C7;
				GENERATE_INFOPLIST_FILE = YES;
				IPHONEOS_DEPLOYMENT_TARGET = 16.2;
				MARKETING_VERSION = 1.0;
				PRODUCT_BUNDLE_IDENTIFIER = in.edu.srmist.WarCardGameTests;
				PRODUCT_NAME = "$(TARGET_NAME)";
				SWIFT_EMIT_LOC_STRINGS = NO;
				SWIFT_VERSION = 5.0;
				TARGETED_DEVICE_FAMILY = "1,2";
				TEST_HOST = "$(BUILT_PRODUCTS_DIR)/WarCardGame.app/$(BUNDLE_EXECUTABLE_FOLDER_PATH)/WarCardGame";
			};
			name = Debug;
		};
		AB52B7CA29684086006DDD3E /* Release */ = {
			isa = XCBuildConfiguration;
			buildSettings = {
				ALWAYS_EMBED_SWIFT_STANDARD_LIBRARIES = YES;
				BUNDLE_LOADER = "$(TEST_HOST)";
				CODE_SIGN_STYLE = Automatic;
				CURRENT_PROJECT_VERSION = 1;
				DEVELOPMENT_TEAM = PQ66K967C7;
				GENERATE_INFOPLIST_FILE = YES;
				IPHONEOS_DEPLOYMENT_TARGET = 16.2;
				MARKETING_VERSION = 1.0;
				PRODUCT_BUNDLE_IDENTIFIER = in.edu.srmist.WarCardGameTests;
				PRODUCT_NAME = "$(TARGET_NAME)";
				SWIFT_EMIT_LOC_STRINGS = NO;
				SWIFT_VERSION = 5.0;
				TARGETED_DEVICE_FAMILY = "1,2";
				TEST_HOST = "$(BUILT_PRODUCTS_DIR)/WarCardGame.app/$(BUNDLE_EXECUTABLE_FOLDER_PATH)/WarCardGame";
			};
			name = Release;
		};
		AB52B7CC29684086006DDD3E /* Debug */ = {
			isa = XCBuildConfiguration;
			buildSettings = {
				ALWAYS_EMBED_SWIFT_STANDARD_LIBRARIES = YES;
				CODE_SIGN_STYLE = Automatic;
				CURRENT_PROJECT_VERSION = 1;
				DEVELOPMENT_TEAM = PQ66K967C7;
				GENERATE_INFOPLIST_FILE = YES;
				MARKETING_VERSION = 1.0;
				PRODUCT_BUNDLE_IDENTIFIER = in.edu.srmist.WarCardGameUITests;
				PRODUCT_NAME = "$(TARGET_NAME)";
				SWIFT_EMIT_LOC_STRINGS = NO;
				SWIFT_VERSION = 5.0;
				TARGETED_DEVICE_FAMILY = "1,2";
				TEST_TARGET_NAME = WarCardGame;
			};
			name = Debug;
		};
		AB52B7CD29684086006DDD3E /* Release */ = {
			isa = XCBuildConfiguration;
			buildSettings = {
				ALWAYS_EMBED_SWIFT_STANDARD_LIBRARIES = YES;
				CODE_SIGN_STYLE = Automatic;
				CURRENT_PROJECT_VERSION = 1;
				DEVELOPMENT_TEAM = PQ66K967C7;
				GENERATE_INFOPLIST_FILE = YES;
				MARKETING_VERSION = 1.0;
				PRODUCT_BUNDLE_IDENTIFIER = in.edu.srmist.WarCardGameUITests;
				PRODUCT_NAME = "$(TARGET_NAME)";
				SWIFT_EMIT_LOC_STRINGS = NO;
				SWIFT_VERSION = 5.0;
				TARGETED_DEVICE_FAMILY = "1,2";
				TEST_TARGET_NAME = WarCardGame;
			};
			name = Release;
		};
/* End XCBuildConfiguration section */

/* Begin XCConfigurationList section */
		AB52B79629684086006DDD3E /* Build configuration list for PBXProject "WarCardGame" */ = {
			isa = XCConfigurationList;
			buildConfigurations = (
				AB52B7C329684086006DDD3E /* Debug */,
				AB52B7C429684086006DDD3E /* Release */,
			);
			defaultConfigurationIsVisible = 0;
			defaultConfigurationName = Release;
		};
		AB52B7C529684086006DDD3E /* Build configuration list for PBXNativeTarget "WarCardGame" */ = {
			isa = XCConfigurationList;
			buildConfigurations = (
				AB52B7C629684086006DDD3E /* Debug */,
				AB52B7C729684086006DDD3E /* Release */,
			);
			defaultConfigurationIsVisible = 0;
			defaultConfigurationName = Release;
		};
		AB52B7C829684086006DDD3E /* Build configuration list for PBXNativeTarget "WarCardGameTests" */ = {
			isa = XCConfigurationList;
			buildConfigurations = (
				AB52B7C929684086006DDD3E /* Debug */,
				AB52B7CA29684086006DDD3E /* Release */,
			);
			defaultConfigurationIsVisible = 0;
			defaultConfigurationName = Release;
		};
		AB52B7CB29684086006DDD3E /* Build configuration list for PBXNativeTarget "WarCardGameUITests" */ = {
			isa = XCConfigurationList;
			buildConfigurations = (
				AB52B7CC29684086006DDD3E /* Debug */,
				AB52B7CD29684086006DDD3E /* Release */,
			);
			defaultConfigurationIsVisible = 0;
			defaultConfigurationName = Release;
		};
/* End XCConfigurationList section */
	};
	rootObject = AB52B79329684086006DDD3E /* Project object */;
}
